github.com/grafana/k6foundry v0.4.5 h1:wus8L3e1vTiECOoR5CCexCDHt9wGASyffF7iujZmh+U=
github.com/grafana/k6foundry v0.4.5/go.mod h1:GDmBp/h370ZDMhjIhx54LpvGCIfmy/cMOLpeU+W+FOk=
golang.org/x/mod v0.23.0 h1:Zb7khfcRGKk+kqfxFaP5tZqCnDZMjC5VtUBs87Hr6QM=
golang.org/x/mod v0.23.0/go.mod h1:6SkKJ3Xj0I0BrPOZoBy3bdMptDDU9oJrpohJ3eWZ1fY=
